
Microsoft Visual Studio Solution File, Format Version 12.00
# Visual Studio Version 16
VisualStudioVersion = 16.0.29609.76
MinimumVisualStudioVersion = 10.0.40219.1
Project("{FAE04EC0-301F-11D3-BF4B-00C04F79EFBC}") = "QueueStorage", "QueueStorage\QueueStorage.csproj", "{803D9117-784F-45EA-A97A-93B54A5AD4A9}"
EndProject
Global
	GlobalSection(SolutionConfigurationPlatforms) = preSolution
		Debug|Any CPU = Debug|Any CPU
		Release|Any CPU = Release|Any CPU
	EndGlobalSection
	GlobalSection(ProjectConfigurationPlatforms) = postSolution
		{803D9117-784F-45EA-A97A-93B54A5AD4A9}.Debug|Any CPU.ActiveCfg = Debug|Any CPU
		{803D9117-784F-45EA-A97A-93B54A5AD4A9}.Debug|Any CPU.Build.0 = Debug|Any CPU
		{803D9117-784F-45EA-A97A-93B54A5AD4A9}.Release|Any CPU.ActiveCfg = Release|Any CPU
		{803D9117-784F-45EA-A97A-93B54A5AD4A9}.Release|Any CPU.Build.0 = Release|Any CPU
	EndGlobalSection
	GlobalSection(SolutionProperties) = preSolution
		HideSolutionNode = FALSE
	EndGlobalSection
	GlobalSection(ExtensibilityGlobals) = postSolution
		SolutionGuid = {848D00E1-3101-4808-A5CC-571B1A8B592D}
	EndGlobalSection
EndGlobal
